
Microsoft Visual Studio Solution File, Format Version 12.00
# Visual Studio Version 17
VisualStudioVersion = 17.9.34728.123
MinimumVisualStudioVersion = 10.0.40219.1
Project("{9A19103F-16F7-4668-BE54-9A1E7A4F7556}") = "Giftos", "Giftos.csproj", "{D0D3F7A1-5203-4924-AF22-C9B20DE3BDBB}"
EndProject
Project("{FAE04EC0-301F-11D3-BF4B-00C04F79EFBC}") = "Giftos.Core", "..\Giftos.Core\Giftos.Core.csproj", "{07512500-5970-46E5-A33E-F0D3598F3B53}"
EndProject
Project("{FAE04EC0-301F-11D3-BF4B-00C04F79EFBC}") = "Giftos.Data", "..\Giftos.Data\Giftos.Data.csproj", "{525E0CE1-BFEB-4AB6-8AE7-E8D44FC9E7DD}"
EndProject
Project("{FAE04EC0-301F-11D3-BF4B-00C04F79EFBC}") = "Giftos.Business", "..\Giftos.Business\Giftos.Business.csproj", "{2E76CDB5-7DE1-499E-9619-F5BE16A912F7}"
EndProject
Global
	GlobalSection(SolutionConfigurationPlatforms) = preSolution
		Debug|Any CPU = Debug|Any CPU
		Release|Any CPU = Release|Any CPU
	EndGlobalSection
	GlobalSection(ProjectConfigurationPlatforms) = postSolution
		{D0D3F7A1-5203-4924-AF22-C9B20DE3BDBB}.Debug|Any CPU.ActiveCfg = Debug|Any CPU
		{D0D3F7A1-5203-4924-AF22-C9B20DE3BDBB}.Debug|Any CPU.Build.0 = Debug|Any CPU
		{D0D3F7A1-5203-4924-AF22-C9B20DE3BDBB}.Release|Any CPU.ActiveCfg = Release|Any CPU
		{D0D3F7A1-5203-4924-AF22-C9B20DE3BDBB}.Release|Any CPU.Build.0 = Release|Any CPU
		{07512500-5970-46E5-A33E-F0D3598F3B53}.Debug|Any CPU.ActiveCfg = Debug|Any CPU
		{07512500-5970-46E5-A33E-F0D3598F3B53}.Debug|Any CPU.Build.0 = Debug|Any CPU
		{07512500-5970-46E5-A33E-F0D3598F3B53}.Release|Any CPU.ActiveCfg = Release|Any CPU
		{07512500-5970-46E5-A33E-F0D3598F3B53}.Release|Any CPU.Build.0 = Release|Any CPU
		{525E0CE1-BFEB-4AB6-8AE7-E8D44FC9E7DD}.Debug|Any CPU.ActiveCfg = Debug|Any CPU
		{525E0CE1-BFEB-4AB6-8AE7-E8D44FC9E7DD}.Debug|Any CPU.Build.0 = Debug|Any CPU
		{525E0CE1-BFEB-4AB6-8AE7-E8D44FC9E7DD}.Release|Any CPU.ActiveCfg = Release|Any CPU
		{525E0CE1-BFEB-4AB6-8AE7-E8D44FC9E7DD}.Release|Any CPU.Build.0 = Release|Any CPU
		{2E76CDB5-7DE1-499E-9619-F5BE16A912F7}.Debug|Any CPU.ActiveCfg = Debug|Any CPU
		{2E76CDB5-7DE1-499E-9619-F5BE16A912F7}.Debug|Any CPU.Build.0 = Debug|Any CPU
		{2E76CDB5-7DE1-499E-9619-F5BE16A912F7}.Release|Any CPU.ActiveCfg = Release|Any CPU
		{2E76CDB5-7DE1-499E-9619-F5BE16A912F7}.Release|Any CPU.Build.0 = Release|Any CPU
	EndGlobalSection
	GlobalSection(SolutionProperties) = preSolution
		HideSolutionNode = FALSE
	EndGlobalSection
	GlobalSection(ExtensibilityGlobals) = postSolution
		SolutionGuid = {6ACFD486-7CED-474A-B3C5-792C4D90F8FE}
	EndGlobalSection
EndGlobal
